
Microsoft Visual Studio Solution File, Format Version 12.00
# Visual Studio Version 17
VisualStudioVersion = 17.4.33205.214
MinimumVisualStudioVersion = 10.0.40219.1
Project("{9A19103F-16F7-4668-BE54-9A1E7A4F7556}") = "BrandUp.AmoCRM", "src\BrandUp.AmoCRM\BrandUp.AmoCRM.csproj", "{46061342-F27B-4069-9DBB-B57A2C5E18D6}"
EndProject
Project("{2150E333-8FDC-42A3-9474-1A3956D46DE8}") = "src", "src", "{262D1296-F08F-41EC-A6D7-47B0E3628EF7}"
EndProject
Project("{2150E333-8FDC-42A3-9474-1A3956D46DE8}") = "tests", "tests", "{D9D96645-FC03-4424-A10D-B760B64D74BE}"
EndProject
Project("{9A19103F-16F7-4668-BE54-9A1E7A4F7556}") = "BrandUp.AmoCRM.Tests", "src\BrandUp.AmoCRM.Tests\BrandUp.AmoCRM.Tests.csproj", "{F91B843B-A47E-4B78-9071-3ACB5241CD3B}"
EndProject
Global
	GlobalSection(SolutionConfigurationPlatforms) = preSolution
		Debug|Any CPU = Debug|Any CPU
		Release|Any CPU = Release|Any CPU
	EndGlobalSection
	GlobalSection(ProjectConfigurationPlatforms) = postSolution
		{46061342-F27B-4069-9DBB-B57A2C5E18D6}.Debug|Any CPU.ActiveCfg = Debug|Any CPU
		{46061342-F27B-4069-9DBB-B57A2C5E18D6}.Debug|Any CPU.Build.0 = Debug|Any CPU
		{46061342-F27B-4069-9DBB-B57A2C5E18D6}.Release|Any CPU.ActiveCfg = Release|Any CPU
		{46061342-F27B-4069-9DBB-B57A2C5E18D6}.Release|Any CPU.Build.0 = Release|Any CPU
		{F91B843B-A47E-4B78-9071-3ACB5241CD3B}.Debug|Any CPU.ActiveCfg = Debug|Any CPU
		{F91B843B-A47E-4B78-9071-3ACB5241CD3B}.Debug|Any CPU.Build.0 = Debug|Any CPU
		{F91B843B-A47E-4B78-9071-3ACB5241CD3B}.Release|Any CPU.ActiveCfg = Release|Any CPU
		{F91B843B-A47E-4B78-9071-3ACB5241CD3B}.Release|Any CPU.Build.0 = Release|Any CPU
	EndGlobalSection
	GlobalSection(SolutionProperties) = preSolution
		HideSolutionNode = FALSE
	EndGlobalSection
	GlobalSection(NestedProjects) = preSolution
		{46061342-F27B-4069-9DBB-B57A2C5E18D6} = {262D1296-F08F-41EC-A6D7-47B0E3628EF7}
		{F91B843B-A47E-4B78-9071-3ACB5241CD3B} = {D9D96645-FC03-4424-A10D-B760B64D74BE}
	EndGlobalSection
	GlobalSection(ExtensibilityGlobals) = postSolution
		SolutionGuid = {FA53B7F8-0B29-4FDB-AA4F-79045BF4750B}
	EndGlobalSection
EndGlobal
